
Microsoft Visual Studio Solution File, Format Version 12.00
# Visual Studio Version 16
VisualStudioVersion = 16.0.33801.447
MinimumVisualStudioVersion = 10.0.40219.1
Project("{FAE04EC0-301F-11D3-BF4B-00C04F79EFBC}") = "EmpAngular", "EmpAngular\EmpAngular.csproj", "{F5E4E266-F712-42D4-B031-5AE0F5FFE93E}"
EndProject
Global
	GlobalSection(SolutionConfigurationPlatforms) = preSolution
		Debug|Any CPU = Debug|Any CPU
		Release|Any CPU = Release|Any CPU
	EndGlobalSection
	GlobalSection(ProjectConfigurationPlatforms) = postSolution
		{F5E4E266-F712-42D4-B031-5AE0F5FFE93E}.Debug|Any CPU.ActiveCfg = Debug|Any CPU
		{F5E4E266-F712-42D4-B031-5AE0F5FFE93E}.Debug|Any CPU.Build.0 = Debug|Any CPU
		{F5E4E266-F712-42D4-B031-5AE0F5FFE93E}.Release|Any CPU.ActiveCfg = Release|Any CPU
		{F5E4E266-F712-42D4-B031-5AE0F5FFE93E}.Release|Any CPU.Build.0 = Release|Any CPU
	EndGlobalSection
	GlobalSection(SolutionProperties) = preSolution
		HideSolutionNode = FALSE
	EndGlobalSection
	GlobalSection(ExtensibilityGlobals) = postSolution
		SolutionGuid = {7EE022B3-C4DE-4172-ADC0-375D4B880478}
	EndGlobalSection
EndGlobal
